{
  "originHash" : "94b36dd25cef41ccead27fb110ce4f95ed2d5bc457c9a5e487121251a1a5d369",
  "pins" : [
    {
      "identity" : "appsflyerframework-static",
      "kind" : "remoteSourceControl",
      "location" : "https://github.com/AppsFlyerSDK/AppsFlyerFramework-Static",
      "state" : {
        "revision" : "23cebcf2889585a2686ccfcfce988c266c7f364a",
        "version" : "6.17.8"
      }
    },
    {
      "identity" : "stream-chat-swift",
      "kind" : "remoteSourceControl",
      "location" : "https://github.com/GetStream/stream-chat-swift.git",
      "state" : {
        "revision" : "e320a85eeefb95f5402b1c2f31264e8d519cddc1",
        "version" : "4.94.0"
      }
    },
    {
      "identity" : "stream-chat-swiftui",
      "kind" : "remoteSourceControl",
      "location" : "https://github.com/getstream/stream-chat-swiftui",
      "state" : {
        "revision" : "d1c72a07f765c6a9193e395cb3c9395f5b702819",
        "version" : "4.94.0"
      }
    }
  ],
  "version" : 3
}
